
Microsoft Visual Studio Solution File, Format Version 12.00
# Visual Studio Version 16
VisualStudioVersion = 16.0.30330.147
MinimumVisualStudioVersion = 10.0.40219.1
Project("{FAE04EC0-301F-11D3-BF4B-00C04F79EFBC}") = "JG Basic App GitHub", "JG Basic App GitHub\JG Basic App GitHub.csproj", "{7B470923-F9EB-443C-9389-7146D54BA7B0}"
EndProject
Project("{FAE04EC0-301F-11D3-BF4B-00C04F79EFBC}") = "BasicAppTest", "BasicAppTest\BasicAppTest.csproj", "{2486A4AC-9932-45E3-840D-CE72BAA8A0ED}"
EndProject
Global
	GlobalSection(SolutionConfigurationPlatforms) = preSolution
		Debug|Any CPU = Debug|Any CPU
		Release|Any CPU = Release|Any CPU
	EndGlobalSection
	GlobalSection(ProjectConfigurationPlatforms) = postSolution
		{7B470923-F9EB-443C-9389-7146D54BA7B0}.Debug|Any CPU.ActiveCfg = Debug|Any CPU
		{7B470923-F9EB-443C-9389-7146D54BA7B0}.Debug|Any CPU.Build.0 = Debug|Any CPU
		{7B470923-F9EB-443C-9389-7146D54BA7B0}.Release|Any CPU.ActiveCfg = Release|Any CPU
		{7B470923-F9EB-443C-9389-7146D54BA7B0}.Release|Any CPU.Build.0 = Release|Any CPU
		{2486A4AC-9932-45E3-840D-CE72BAA8A0ED}.Debug|Any CPU.ActiveCfg = Debug|Any CPU
		{2486A4AC-9932-45E3-840D-CE72BAA8A0ED}.Debug|Any CPU.Build.0 = Debug|Any CPU
		{2486A4AC-9932-45E3-840D-CE72BAA8A0ED}.Release|Any CPU.ActiveCfg = Release|Any CPU
		{2486A4AC-9932-45E3-840D-CE72BAA8A0ED}.Release|Any CPU.Build.0 = Release|Any CPU
	EndGlobalSection
	GlobalSection(SolutionProperties) = preSolution
		HideSolutionNode = FALSE
	EndGlobalSection
	GlobalSection(ExtensibilityGlobals) = postSolution
		SolutionGuid = {F9168914-5FCB-463B-80C0-C6941E088C3F}
	EndGlobalSection
EndGlobal
